// !$*UTF8*$!
{
	archiveVersion = 1;
	classes = {
	};
	objectVersion = 46;
	objects = {

/* Begin PBXBuildFile section */
		088DA77E18BD6492008DB96F /* Foundation.framework in Frameworks */ = {isa = PBXBuildFile; fileRef = 088DA77D18BD6492008DB96F /* Foundation.framework */; };
		088DA78018BD6492008DB96F /* CoreGraphics.framework in Frameworks */ = {isa = PBXBuildFile; fileRef = 088DA77F18BD6492008DB96F /* CoreGraphics.framework */; };
		088DA78218BD6492008DB96F /* UIKit.framework in Frameworks */ = {isa = PBXBuildFile; fileRef = 088DA78118BD6492008DB96F /* UIKit.framework */; };
		088DA78818BD6492008DB96F /* InfoPlist.strings in Resources */ = {isa = PBXBuildFile; fileRef = 088DA78618BD6492008DB96F /* InfoPlist.strings */; };
		088DA78A18BD6492008DB96F /* main.m in Sources */ = {isa = PBXBuildFile; fileRef = 088DA78918BD6492008DB96F /* main.m */; };
		088DA78E18BD6492008DB96F /* PCLAppDelegate.m in Sources */ = {isa = PBXBuildFile; fileRef = 088DA78D18BD6492008DB96F /* PCLAppDelegate.m */; };
		088DA79018BD6492008DB96F /* Images.xcassets in Resources */ = {isa = PBXBuildFile; fileRef = 088DA78F18BD6492008DB96F /* Images.xcassets */; };
		088DA79718BD6492008DB96F /* XCTest.framework in Frameworks */ = {isa = PBXBuildFile; fileRef = 088DA79618BD6492008DB96F /* XCTest.framework */; };
		088DA79818BD6492008DB96F /* Foundation.framework in Frameworks */ = {isa = PBXBuildFile; fileRef = 088DA77D18BD6492008DB96F /* Foundation.framework */; };
		088DA79918BD6492008DB96F /* UIKit.framework in Frameworks */ = {isa = PBXBuildFile; fileRef = 088DA78118BD6492008DB96F /* UIKit.framework */; };
		088DA7A118BD6492008DB96F /* InfoPlist.strings in Resources */ = {isa = PBXBuildFile; fileRef = 088DA79F18BD6492008DB96F /* InfoPlist.strings */; };
		088DA7A318BD6492008DB96F /* ColorPickerTests.m in Sources */ = {isa = PBXBuildFile; fileRef = 088DA7A218BD6492008DB96F /* ColorPickerTests.m */; };
		088DA7AF18BD64BC008DB96F /* PCLViewController.m in Sources */ = {isa = PBXBuildFile; fileRef = 088DA7AD18BD64BB008DB96F /* PCLViewController.m */; };
		088DA7B018BD64BC008DB96F /* PCLViewController.xib in Resources */ = {isa = PBXBuildFile; fileRef = 088DA7AE18BD64BB008DB96F /* PCLViewController.xib */; };
		088DA7B318BD6617008DB96F /* PCLView.m in Sources */ = {isa = PBXBuildFile; fileRef = 088DA7B218BD6617008DB96F /* PCLView.m */; };
/* End PBXBuildFile section */

/* Begin PBXContainerItemProxy section */
		088DA79A18BD6492008DB96F /* PBXContainerItemProxy */ = {
			isa = PBXContainerItemProxy;
			containerPortal = 088DA77218BD6492008DB96F /* Project object */;
			proxyType = 1;
			remoteGlobalIDString = 088DA77918BD6492008DB96F;
			remoteInfo = ColorPicker;
		};
/* End PBXContainerItemProxy section */

/* Begin PBXFileReference section */
		088DA77A18BD6492008DB96F /* Colors.app */ = {isa = PBXFileReference; explicitFileType = wrapper.application; includeInIndex = 0; path = Colors.app; sourceTree = BUILT_PRODUCTS_DIR; };
		088DA77D18BD6492008DB96F /* Foundation.framework */ = {isa = PBXFileReference; lastKnownFileType = wrapper.framework; name = Foundation.framework; path = System/Library/Frameworks/Foundation.framework; sourceTree = SDKROOT; };
		088DA77F18BD6492008DB96F /* CoreGraphics.framework */ = {isa = PBXFileReference; lastKnownFileType = wrapper.framework; name = CoreGraphics.framework; path = System/Library/Frameworks/CoreGraphics.framework; sourceTree = SDKROOT; };
		088DA78118BD6492008DB96F /* UIKit.framework */ = {isa = PBXFileReference; lastKnownFileType = wrapper.framework; name = UIKit.framework; path = System/Library/Frameworks/UIKit.framework; sourceTree = SDKROOT; };
		088DA78518BD6492008DB96F /* Colors-Info.plist */ = {isa = PBXFileReference; lastKnownFileType = text.plist.xml; path = "Colors-Info.plist"; sourceTree = "<group>"; };
		088DA78718BD6492008DB96F /* en */ = {isa = PBXFileReference; lastKnownFileType = text.plist.strings; name = en; path = en.lproj/InfoPlist.strings; sourceTree = "<group>"; };
		088DA78918BD6492008DB96F /* main.m */ = {isa = PBXFileReference; lastKnownFileType = sourcecode.c.objc; path = main.m; sourceTree = "<group>"; };
		088DA78B18BD6492008DB96F /* Colors-Prefix.pch */ = {isa = PBXFileReference; lastKnownFileType = sourcecode.c.h; path = "Colors-Prefix.pch"; sourceTree = "<group>"; };
		088DA78C18BD6492008DB96F /* PCLAppDelegate.h */ = {isa = PBXFileReference; lastKnownFileType = sourcecode.c.h; path = PCLAppDelegate.h; sourceTree = "<group>"; };
		088DA78D18BD6492008DB96F /* PCLAppDelegate.m */ = {isa = PBXFileReference; lastKnownFileType = sourcecode.c.objc; path = PCLAppDelegate.m; sourceTree = "<group>"; };
		088DA78F18BD6492008DB96F /* Images.xcassets */ = {isa = PBXFileReference; lastKnownFileType = folder.assetcatalog; path = Images.xcassets; sourceTree = "<group>"; };
		088DA79518BD6492008DB96F /* ColorsTests.xctest */ = {isa = PBXFileReference; explicitFileType = wrapper.cfbundle; includeInIndex = 0; path = ColorsTests.xctest; sourceTree = BUILT_PRODUCTS_DIR; };
		088DA79618BD6492008DB96F /* XCTest.framework */ = {isa = PBXFileReference; lastKnownFileType = wrapper.framework; name = XCTest.framework; path = Library/Frameworks/XCTest.framework; sourceTree = DEVELOPER_DIR; };
		088DA79E18BD6492008DB96F /* ColorsTests-Info.plist */ = {isa = PBXFileReference; lastKnownFileType = text.plist.xml; path = "ColorsTests-Info.plist"; sourceTree = "<group>"; };
		088DA7A018BD6492008DB96F /* en */ = {isa = PBXFileReference; lastKnownFileType = text.plist.strings; name = en; path = en.lproj/InfoPlist.strings; sourceTree = "<group>"; };
		088DA7A218BD6492008DB96F /* ColorPickerTests.m */ = {isa = PBXFileReference; lastKnownFileType = sourcecode.c.objc; path = ColorPickerTests.m; sourceTree = "<group>"; };
		088DA7AC18BD64BB008DB96F /* PCLViewController.h */ = {isa = PBXFileReference; fileEncoding = 4; lastKnownFileType = sourcecode.c.h; path = PCLViewController.h; sourceTree = "<group>"; };
		088DA7AD18BD64BB008DB96F /* PCLViewController.m */ = {isa = PBXFileReference; fileEncoding = 4; lastKnownFileType = sourcecode.c.objc; path = PCLViewController.m; sourceTree = "<group>"; };
		088DA7AE18BD64BB008DB96F /* PCLViewController.xib */ = {isa = PBXFileReference; fileEncoding = 4; lastKnownFileType = file.xib; path = PCLViewController.xib; sourceTree = "<group>"; };
		088DA7B118BD6617008DB96F /* PCLView.h */ = {isa = PBXFileReference; fileEncoding = 4; lastKnownFileType = sourcecode.c.h; path = PCLView.h; sourceTree = "<group>"; };
		088DA7B218BD6617008DB96F /* PCLView.m */ = {isa = PBXFileReference; fileEncoding = 4; lastKnownFileType = sourcecode.c.objc; path = PCLView.m; sourceTree = "<group>"; };
/* End PBXFileReference section */

/* Begin PBXFrameworksBuildPhase section */
		088DA77718BD6492008DB96F /* Frameworks */ = {
			isa = PBXFrameworksBuildPhase;
			buildActionMask = 2147483647;
			files = (
				088DA78018BD6492008DB96F /* CoreGraphics.framework in Frameworks */,
				088DA78218BD6492008DB96F /* UIKit.framework in Frameworks */,
				088DA77E18BD6492008DB96F /* Foundation.framework in Frameworks */,
			);
			runOnlyForDeploymentPostprocessing = 0;
		};
		088DA79218BD6492008DB96F /* Frameworks */ = {
			isa = PBXFrameworksBuildPhase;
			buildActionMask = 2147483647;
			files = (
				088DA79718BD6492008DB96F /* XCTest.framework in Frameworks */,
				088DA79918BD6492008DB96F /* UIKit.framework in Frameworks */,
				088DA79818BD6492008DB96F /* Foundation.framework in Frameworks */,
			);
			runOnlyForDeploymentPostprocessing = 0;
		};
/* End PBXFrameworksBuildPhase section */

/* Begin PBXGroup section */
		088DA77118BD6492008DB96F = {
			isa = PBXGroup;
			children = (
				088DA7AC18BD64BB008DB96F /* PCLViewController.h */,
				088DA7AD18BD64BB008DB96F /* PCLViewController.m */,
				088DA7AE18BD64BB008DB96F /* PCLViewController.xib */,
				088DA78318BD6492008DB96F /* Colors */,
				088DA79C18BD6492008DB96F /* ColorPickerTests */,
				088DA77C18BD6492008DB96F /* Frameworks */,
				088DA77B18BD6492008DB96F /* Products */,
			);
			sourceTree = "<group>";
		};
		088DA77B18BD6492008DB96F /* Products */ = {
			isa = PBXGroup;
			children = (
				088DA77A18BD6492008DB96F /* Colors.app */,
				088DA79518BD6492008DB96F /* ColorsTests.xctest */,
			);
			name = Products;
			sourceTree = "<group>";
		};
		088DA77C18BD6492008DB96F /* Frameworks */ = {
			isa = PBXGroup;
			children = (
				088DA77D18BD6492008DB96F /* Foundation.framework */,
				088DA77F18BD6492008DB96F /* CoreGraphics.framework */,
				088DA78118BD6492008DB96F /* UIKit.framework */,
				088DA79618BD6492008DB96F /* XCTest.framework */,
			);
			name = Frameworks;
			sourceTree = "<group>";
		};
		088DA78318BD6492008DB96F /* Colors */ = {
			isa = PBXGroup;
			children = (
				088DA78C18BD6492008DB96F /* PCLAppDelegate.h */,
				088DA78D18BD6492008DB96F /* PCLAppDelegate.m */,
				088DA7B118BD6617008DB96F /* PCLView.h */,
				088DA7B218BD6617008DB96F /* PCLView.m */,
				088DA78F18BD6492008DB96F /* Images.xcassets */,
				088DA78418BD6492008DB96F /* Supporting Files */,
			);
			name = Colors;
			path = ColorPicker;
			sourceTree = "<group>";
		};
		088DA78418BD6492008DB96F /* Supporting Files */ = {
			isa = PBXGroup;
			children = (
				088DA78518BD6492008DB96F /* Colors-Info.plist */,
				088DA78618BD6492008DB96F /* InfoPlist.strings */,
				088DA78918BD6492008DB96F /* main.m */,
				088DA78B18BD6492008DB96F /* Colors-Prefix.pch */,
			);
			name = "Supporting Files";
			sourceTree = "<group>";
		};
		088DA79C18BD6492008DB96F /* ColorPickerTests */ = {
			isa = PBXGroup;
			children = (
				088DA7A218BD6492008DB96F /* ColorPickerTests.m */,
				088DA79D18BD6492008DB96F /* Supporting Files */,
			);
			path = ColorPickerTests;
			sourceTree = "<group>";
		};
		088DA79D18BD6492008DB96F /* Supporting Files */ = {
			isa = PBXGroup;
			children = (
				088DA79E18BD6492008DB96F /* ColorsTests-Info.plist */,
				088DA79F18BD6492008DB96F /* InfoPlist.strings */,
			);
			name = "Supporting Files";
			sourceTree = "<group>";
		};
/* End PBXGroup section */

/* Begin PBXNativeTarget section */
		088DA77918BD6492008DB96F /* Colors */ = {
			isa = PBXNativeTarget;
			buildConfigurationList = 088DA7A618BD6492008DB96F /* Build configuration list for PBXNativeTarget "Colors" */;
			buildPhases = (
				088DA77618BD6492008DB96F /* Sources */,
				088DA77718BD6492008DB96F /* Frameworks */,
				088DA77818BD6492008DB96F /* Resources */,
			);
			buildRules = (
			);
			dependencies = (
			);
			name = Colors;
			productName = ColorPicker;
			productReference = 088DA77A18BD6492008DB96F /* Colors.app */;
			productType = "com.apple.product-type.application";
		};
		088DA79418BD6492008DB96F /* ColorsTests */ = {
			isa = PBXNativeTarget;
			buildConfigurationList = 088DA7A918BD6492008DB96F /* Build configuration list for PBXNativeTarget "ColorsTests" */;
			buildPhases = (
				088DA79118BD6492008DB96F /* Sources */,
				088DA79218BD6492008DB96F /* Frameworks */,
				088DA79318BD6492008DB96F /* Resources */,
			);
			buildRules = (
			);
			dependencies = (
				088DA79B18BD6492008DB96F /* PBXTargetDependency */,
			);
			name = ColorsTests;
			productName = ColorPickerTests;
			productReference = 088DA79518BD6492008DB96F /* ColorsTests.xctest */;
			productType = "com.apple.product-type.bundle.unit-test";
		};
/* End PBXNativeTarget section */

/* Begin PBXProject section */
		088DA77218BD6492008DB96F /* Project object */ = {
			isa = PBXProject;
			attributes = {
				CLASSPREFIX = PCL;
				LastUpgradeCheck = 0500;
				ORGANIZATIONNAME = "Big Nerd Branch";
				TargetAttributes = {
					088DA79418BD6492008DB96F = {
						TestTargetID = 088DA77918BD6492008DB96F;
					};
				};
			};
			buildConfigurationList = 088DA77518BD6492008DB96F /* Build configuration list for PBXProject "Colors" */;
			compatibilityVersion = "Xcode 3.2";
			developmentRegion = English;
			hasScannedForEncodings = 0;
			knownRegions = (
				en,
			);
			mainGroup = 088DA77118BD6492008DB96F;
			productRefGroup = 088DA77B18BD6492008DB96F /* Products */;
			projectDirPath = "";
			projectRoot = "";
			targets = (
				088DA77918BD6492008DB96F /* Colors */,
				088DA79418BD6492008DB96F /* ColorsTests */,
			);
		};
/* End PBXProject section */

/* Begin PBXResourcesBuildPhase section */
		088DA77818BD6492008DB96F /* Resources */ = {
			isa = PBXResourcesBuildPhase;
			buildActionMask = 2147483647;
			files = (
				088DA78818BD6492008DB96F /* InfoPlist.strings in Resources */,
				088DA7B018BD64BC008DB96F /* PCLViewController.xib in Resources */,
				088DA79018BD6492008DB96F /* Images.xcassets in Resources */,
			);
			runOnlyForDeploymentPostprocessing = 0;
		};
		088DA79318BD6492008DB96F /* Resources */ = {
			isa = PBXResourcesBuildPhase;
			buildActionMask = 2147483647;
			files = (
				088DA7A118BD6492008DB96F /* InfoPlist.strings in Resources */,
			);
			runOnlyForDeploymentPostprocessing = 0;
		};
/* End PBXResourcesBuildPhase section */

/* Begin PBXSourcesBuildPhase section */
		088DA77618BD6492008DB96F /* Sources */ = {
			isa = PBXSourcesBuildPhase;
			buildActionMask = 2147483647;
			files = (
				088DA78E18BD6492008DB96F /* PCLAppDelegate.m in Sources */,
				088DA7AF18BD64BC008DB96F /* PCLViewController.m in Sources */,
				088DA7B318BD6617008DB96F /* PCLView.m in Sources */,
				088DA78A18BD6492008DB96F /* main.m in Sources */,
			);
			runOnlyForDeploymentPostprocessing = 0;
		};
		088DA79118BD6492008DB96F /* Sources */ = {
			isa = PBXSourcesBuildPhase;
			buildActionMask = 2147483647;
			files = (
				088DA7A318BD6492008DB96F /* ColorPickerTests.m in Sources */,
			);
			runOnlyForDeploymentPostprocessing = 0;
		};
/* End PBXSourcesBuildPhase section */

/* Begin PBXTargetDependency section */
		088DA79B18BD6492008DB96F /* PBXTargetDependency */ = {
			isa = PBXTargetDependency;
			target = 088DA77918BD6492008DB96F /* Colors */;
			targetProxy = 088DA79A18BD6492008DB96F /* PBXContainerItemProxy */;
		};
/* End PBXTargetDependency section */

/* Begin PBXVariantGroup section */
		088DA78618BD6492008DB96F /* InfoPlist.strings */ = {
			isa = PBXVariantGroup;
			children = (
				088DA78718BD6492008DB96F /* en */,
			);
			name = InfoPlist.strings;
			sourceTree = "<group>";
		};
		088DA79F18BD6492008DB96F /* InfoPlist.strings */ = {
			isa = PBXVariantGroup;
			children = (
				088DA7A018BD6492008DB96F /* en */,
			);
			name = InfoPlist.strings;
			sourceTree = "<group>";
		};
/* End PBXVariantGroup section */

/* Begin XCBuildConfiguration section */
		088DA7A418BD6492008DB96F /* Debug */ = {
			isa = XCBuildConfiguration;
			buildSettings = {
				ALWAYS_SEARCH_USER_PATHS = NO;
				ARCHS = "$(ARCHS_STANDARD_INCLUDING_64_BIT)";
				CLANG_CXX_LANGUAGE_STANDARD = "gnu++0x";
				CLANG_CXX_LIBRARY = "libc++";
				CLANG_ENABLE_MODULES = YES;
				CLANG_ENABLE_OBJC_ARC = YES;
				CLANG_WARN_BOOL_CONVERSION = YES;
				CLANG_WARN_CONSTANT_CONVERSION = YES;
				CLANG_WARN_DIRECT_OBJC_ISA_USAGE = YES_ERROR;
				CLANG_WARN_EMPTY_BODY = YES;
				CLANG_WARN_ENUM_CONVERSION = YES;
				CLANG_WARN_INT_CONVERSION = YES;
				CLANG_WARN_OBJC_ROOT_CLASS = YES_ERROR;
				CLANG_WARN__DUPLICATE_METHOD_MATCH = YES;
				"CODE_SIGN_IDENTITY[sdk=iphoneos*]" = "iPhone Developer";
				COPY_PHASE_STRIP = NO;
				GCC_C_LANGUAGE_STANDARD = gnu99;
				GCC_DYNAMIC_NO_PIC = NO;
				GCC_OPTIMIZATION_LEVEL = 0;
				GCC_PREPROCESSOR_DEFINITIONS = (
					"DEBUG=1",
					"$(inherited)",
				);
				GCC_SYMBOLS_PRIVATE_EXTERN = NO;
				GCC_WARN_64_TO_32_BIT_CONVERSION = YES;
				GCC_WARN_ABOUT_RETURN_TYPE = YES_ERROR;
				GCC_WARN_UNDECLARED_SELECTOR = YES;
				GCC_WARN_UNINITIALIZED_AUTOS = YES;
				GCC_WARN_UNUSED_FUNCTION = YES;
				GCC_WARN_UNUSED_VARIABLE = YES;
				IPHONEOS_DEPLOYMENT_TARGET = 7.0;
				ONLY_ACTIVE_ARCH = YES;
				SDKROOT = iphoneos;
			};
			name = Debug;
		};
		088DA7A518BD6492008DB96F /* Release */ = {
			isa = XCBuildConfiguration;
			buildSettings = {
				ALWAYS_SEARCH_USER_PATHS = NO;
				ARCHS = "$(ARCHS_STANDARD_INCLUDING_64_BIT)";
				CLANG_CXX_LANGUAGE_STANDARD = "gnu++0x";
				CLANG_CXX_LIBRARY = "libc++";
				CLANG_ENABLE_MODULES = YES;
				CLANG_ENABLE_OBJC_ARC = YES;
				CLANG_WARN_BOOL_CONVERSION = YES;
				CLANG_WARN_CONSTANT_CONVERSION = YES;
				CLANG_WARN_DIRECT_OBJC_ISA_USAGE = YES_ERROR;
				CLANG_WARN_EMPTY_BODY = YES;
				CLANG_WARN_ENUM_CONVERSION = YES;
				CLANG_WARN_INT_CONVERSION = YES;
				CLANG_WARN_OBJC_ROOT_CLASS = YES_ERROR;
				CLANG_WARN__DUPLICATE_METHOD_MATCH = YES;
				"CODE_SIGN_IDENTITY[sdk=iphoneos*]" = "iPhone Developer";
				COPY_PHASE_STRIP = YES;
				ENABLE_NS_ASSERTIONS = NO;
				GCC_C_LANGUAGE_STANDARD = gnu99;
				GCC_WARN_64_TO_32_BIT_CONVERSION = YES;
				GCC_WARN_ABOUT_RETURN_TYPE = YES_ERROR;
				GCC_WARN_UNDECLARED_SELECTOR = YES;
				GCC_WARN_UNINITIALIZED_AUTOS = YES;
				GCC_WARN_UNUSED_FUNCTION = YES;
				GCC_WARN_UNUSED_VARIABLE = YES;
				IPHONEOS_DEPLOYMENT_TARGET = 7.0;
				SDKROOT = iphoneos;
				VALIDATE_PRODUCT = YES;
			};
			name = Release;
		};
		088DA7A718BD6492008DB96F /* Debug */ = {
			isa = XCBuildConfiguration;
			buildSettings = {
				ASSETCATALOG_COMPILER_APPICON_NAME = AppIcon;
				ASSETCATALOG_COMPILER_LAUNCHIMAGE_NAME = LaunchImage;
				GCC_PRECOMPILE_PREFIX_HEADER = YES;
				GCC_PREFIX_HEADER = "ColorPicker/Colors-Prefix.pch";
				INFOPLIST_FILE = "ColorPicker/Colors-Info.plist";
				PRODUCT_NAME = Colors;
				WRAPPER_EXTENSION = app;
			};
			name = Debug;
		};
		088DA7A818BD6492008DB96F /* Release */ = {
			isa = XCBuildConfiguration;
			buildSettings = {
				ASSETCATALOG_COMPILER_APPICON_NAME = AppIcon;
				ASSETCATALOG_COMPILER_LAUNCHIMAGE_NAME = LaunchImage;
				GCC_PRECOMPILE_PREFIX_HEADER = YES;
				GCC_PREFIX_HEADER = "ColorPicker/Colors-Prefix.pch";
				INFOPLIST_FILE = "ColorPicker/Colors-Info.plist";
				PRODUCT_NAME = Colors;
				WRAPPER_EXTENSION = app;
			};
			name = Release;
		};
		088DA7AA18BD6492008DB96F /* Debug */ = {
			isa = XCBuildConfiguration;
			buildSettings = {
				ARCHS = "$(ARCHS_STANDARD_INCLUDING_64_BIT)";
				BUNDLE_LOADER = "$(BUILT_PRODUCTS_DIR)/ColorPicker.app/ColorPicker";
				FRAMEWORK_SEARCH_PATHS = (
					"$(SDKROOT)/Developer/Library/Frameworks",
					"$(inherited)",
					"$(DEVELOPER_FRAMEWORKS_DIR)",
				);
				GCC_PRECOMPILE_PREFIX_HEADER = YES;
				GCC_PREFIX_HEADER = "ColorPicker/ColorPicker-Prefix.pch";
				GCC_PREPROCESSOR_DEFINITIONS = (
					"DEBUG=1",
					"$(inherited)",
				);
				INFOPLIST_FILE = "ColorPickerTests/ColorsTests-Info.plist";
				PRODUCT_NAME = ColorsTests;
				TEST_HOST = "$(BUNDLE_LOADER)";
				WRAPPER_EXTENSION = xctest;
			};
			name = Debug;
		};
		088DA7AB18BD6492008DB96F /* Release */ = {
			isa = XCBuildConfiguration;
			buildSettings = {
				ARCHS = "$(ARCHS_STANDARD_INCLUDING_64_BIT)";
				BUNDLE_LOADER = "$(BUILT_PRODUCTS_DIR)/ColorPicker.app/ColorPicker";
				FRAMEWORK_SEARCH_PATHS = (
					"$(SDKROOT)/Developer/Library/Frameworks",
					"$(inherited)",
					"$(DEVELOPER_FRAMEWORKS_DIR)",
				);
				GCC_PRECOMPILE_PREFIX_HEADER = YES;
				GCC_PREFIX_HEADER = "ColorPicker/ColorPicker-Prefix.pch";
				INFOPLIST_FILE = "ColorPickerTests/ColorsTests-Info.plist";
				PRODUCT_NAME = ColorsTests;
				TEST_HOST = "$(BUNDLE_LOADER)";
				WRAPPER_EXTENSION = xctest;
			};
			name = Release;
		};
/* End XCBuildConfiguration section */

/* Begin XCConfigurationList section */
		088DA77518BD6492008DB96F /* Build configuration list for PBXProject "Colors" */ = {
			isa = XCConfigurationList;
			buildConfigurations = (
				088DA7A418BD6492008DB96F /* Debug */,
				088DA7A518BD6492008DB96F /* Release */,
			);
			defaultConfigurationIsVisible = 0;
			defaultConfigurationName = Release;
		};
		088DA7A618BD6492008DB96F /* Build configuration list for PBXNativeTarget "Colors" */ = {
			isa = XCConfigurationList;
			buildConfigurations = (
				088DA7A718BD6492008DB96F /* Debug */,
				088DA7A818BD6492008DB96F /* Release */,
			);
			defaultConfigurationIsVisible = 0;
		};
		088DA7A918BD6492008DB96F /* Build configuration list for PBXNativeTarget "ColorsTests" */ = {
			isa = XCConfigurationList;
			buildConfigurations = (
				088DA7AA18BD6492008DB96F /* Debug */,
				088DA7AB18BD6492008DB96F /* Release */,
			);
			defaultConfigurationIsVisible = 0;
		};
/* End XCConfigurationList section */
	};
	rootObject = 088DA77218BD6492008DB96F /* Project object */;
}
